
Microsoft Visual Studio Solution File, Format Version 12.00
# Visual Studio Version 17
VisualStudioVersion = 17.7.34221.43
MinimumVisualStudioVersion = 10.0.40219.1
Project("{FAE04EC0-301F-11D3-BF4B-00C04F79EFBC}") = "Json2Tmx", "Json2Tmx\Json2Tmx.csproj", "{949F54F0-C072-48E8-92B3-1FC7589CD039}"
EndProject
Project("{FAE04EC0-301F-11D3-BF4B-00C04F79EFBC}") = "mota2tiled", "mota2tiled\mota2tiled.csproj", "{9EE16D04-E458-4008-AD40-E9BE6B05805C}"
EndProject
Global
	GlobalSection(SolutionConfigurationPlatforms) = preSolution
		Debug|Any CPU = Debug|Any CPU
		Release|Any CPU = Release|Any CPU
	EndGlobalSection
	GlobalSection(ProjectConfigurationPlatforms) = postSolution
		{949F54F0-C072-48E8-92B3-1FC7589CD039}.Debug|Any CPU.ActiveCfg = Debug|Any CPU
		{949F54F0-C072-48E8-92B3-1FC7589CD039}.Debug|Any CPU.Build.0 = Debug|Any CPU
		{949F54F0-C072-48E8-92B3-1FC7589CD039}.Release|Any CPU.ActiveCfg = Release|Any CPU
		{949F54F0-C072-48E8-92B3-1FC7589CD039}.Release|Any CPU.Build.0 = Release|Any CPU
		{9EE16D04-E458-4008-AD40-E9BE6B05805C}.Debug|Any CPU.ActiveCfg = Debug|Any CPU
		{9EE16D04-E458-4008-AD40-E9BE6B05805C}.Debug|Any CPU.Build.0 = Debug|Any CPU
		{9EE16D04-E458-4008-AD40-E9BE6B05805C}.Release|Any CPU.ActiveCfg = Release|Any CPU
		{9EE16D04-E458-4008-AD40-E9BE6B05805C}.Release|Any CPU.Build.0 = Release|Any CPU
	EndGlobalSection
	GlobalSection(SolutionProperties) = preSolution
		HideSolutionNode = FALSE
	EndGlobalSection
	GlobalSection(ExtensibilityGlobals) = postSolution
		SolutionGuid = {0CD09092-6793-4348-8E29-727AC66781E1}
	EndGlobalSection
EndGlobal
